
Microsoft Visual Studio Solution File, Format Version 12.00
# Visual Studio Version 17
VisualStudioVersion = 17.6.33801.468
MinimumVisualStudioVersion = 10.0.40219.1
Project("{FAE04EC0-301F-11D3-BF4B-00C04F79EFBC}") = "Cin7Test", "Cin7Test.csproj", "{0FF6AF05-1C54-4CA2-AF41-F3DC0B450C9B}"
EndProject
Global
	GlobalSection(SolutionConfigurationPlatforms) = preSolution
		Debug|Any CPU = Debug|Any CPU
		Release|Any CPU = Release|Any CPU
	EndGlobalSection
	GlobalSection(ProjectConfigurationPlatforms) = postSolution
		{0FF6AF05-1C54-4CA2-AF41-F3DC0B450C9B}.Debug|Any CPU.ActiveCfg = Debug|Any CPU
		{0FF6AF05-1C54-4CA2-AF41-F3DC0B450C9B}.Debug|Any CPU.Build.0 = Debug|Any CPU
		{0FF6AF05-1C54-4CA2-AF41-F3DC0B450C9B}.Release|Any CPU.ActiveCfg = Release|Any CPU
		{0FF6AF05-1C54-4CA2-AF41-F3DC0B450C9B}.Release|Any CPU.Build.0 = Release|Any CPU
	EndGlobalSection
	GlobalSection(SolutionProperties) = preSolution
		HideSolutionNode = FALSE
	EndGlobalSection
	GlobalSection(ExtensibilityGlobals) = postSolution
		SolutionGuid = {12C31788-CA26-4057-B61F-E5A0943ED6B0}
	EndGlobalSection
EndGlobal
